PODS:
  - Flutter (1.0.0)
  - unity_player_widget (0.0.1):
    - Flutter

DEPENDENCIES:
  - Flutter (from `Flutter`)
  - unity_player_widget (from `.symlinks/plugins/unity_player_widget/ios`)

EXTERNAL SOURCES:
  Flutter:
    :path: Flutter
  unity_player_widget:
    :path: ".symlinks/plugins/unity_player_widget/ios"

SPEC CHECKSUMS:
  Flutter: 0e3d915762c693b495b44d77113d4970485de6ec
  unity_player_widget: 393966dec0943cf5d47381bcf0f8b17e4646393d

PODFILE CHECKSUM: 1b66dae606f75376c5f2135a8290850eeb09ae83

COCOAPODS: 1.8.3
